
Microsoft Visual Studio Solution File, Format Version 12.00
# Visual Studio Version 17
VisualStudioVersion = 17.8.34511.84
MinimumVisualStudioVersion = 10.0.40219.1
Project("{FAE04EC0-301F-11D3-BF4B-00C04F79EFBC}") = "Lap03_02", "Lap03_02\Lap03_02.csproj", "{7D2ABC5F-9BDD-4ACC-9E7D-B60EB79C8B10}"
EndProject
Global
	GlobalSection(SolutionConfigurationPlatforms) = preSolution
		Debug|Any CPU = Debug|Any CPU
		Release|Any CPU = Release|Any CPU
	EndGlobalSection
	GlobalSection(ProjectConfigurationPlatforms) = postSolution
		{7D2ABC5F-9BDD-4ACC-9E7D-B60EB79C8B10}.Debug|Any CPU.ActiveCfg = Debug|Any CPU
		{7D2ABC5F-9BDD-4ACC-9E7D-B60EB79C8B10}.Debug|Any CPU.Build.0 = Debug|Any CPU
		{7D2ABC5F-9BDD-4ACC-9E7D-B60EB79C8B10}.Release|Any CPU.ActiveCfg = Release|Any CPU
		{7D2ABC5F-9BDD-4ACC-9E7D-B60EB79C8B10}.Release|Any CPU.Build.0 = Release|Any CPU
	EndGlobalSection
	GlobalSection(SolutionProperties) = preSolution
		HideSolutionNode = FALSE
	EndGlobalSection
	GlobalSection(ExtensibilityGlobals) = postSolution
		SolutionGuid = {A41B3D96-D25F-41A4-A708-95F7EA42278C}
	EndGlobalSection
EndGlobal
